
Microsoft Visual Studio Solution File, Format Version 12.00
# Visual Studio 15
Project("{FAE04EC0-301F-11D3-BF4B-00C04F79EFBC}") = "AnotherTaskManager.Api", "AnotherTaskManager.Api\AnotherTaskManager.Api.csproj", "{F22A3875-2A94-4A9F-A290-11AF6C549BDF}"
EndProject
Project("{FAE04EC0-301F-11D3-BF4B-00C04F79EFBC}") = "AnotherTaskManager.Test", "AnotherTaskManager.Test\AnotherTaskManager.Test.csproj", "{2B72B90F-9A86-4F29-9E73-B444F9AEE1F5}"
EndProject
Project("{FAE04EC0-301F-11D3-BF4B-00C04F79EFBC}") = "AnotherTaskManager.App", "AnotherTaskManager.Application\AnotherTaskManager.App.csproj", "{20EEED02-8512-4506-B343-87FFB59BEDF2}"
EndProject
Global
	GlobalSection(SolutionConfigurationPlatforms) = preSolution
		Debug|Any CPU = Debug|Any CPU
		Release|Any CPU = Release|Any CPU
	EndGlobalSection
	GlobalSection(ProjectConfigurationPlatforms) = postSolution
		{F22A3875-2A94-4A9F-A290-11AF6C549BDF}.Debug|Any CPU.ActiveCfg = Debug|Any CPU
		{F22A3875-2A94-4A9F-A290-11AF6C549BDF}.Debug|Any CPU.Build.0 = Debug|Any CPU
		{F22A3875-2A94-4A9F-A290-11AF6C549BDF}.Release|Any CPU.ActiveCfg = Release|Any CPU
		{F22A3875-2A94-4A9F-A290-11AF6C549BDF}.Release|Any CPU.Build.0 = Release|Any CPU
		{2B72B90F-9A86-4F29-9E73-B444F9AEE1F5}.Debug|Any CPU.ActiveCfg = Debug|Any CPU
		{2B72B90F-9A86-4F29-9E73-B444F9AEE1F5}.Debug|Any CPU.Build.0 = Debug|Any CPU
		{2B72B90F-9A86-4F29-9E73-B444F9AEE1F5}.Release|Any CPU.ActiveCfg = Release|Any CPU
		{2B72B90F-9A86-4F29-9E73-B444F9AEE1F5}.Release|Any CPU.Build.0 = Release|Any CPU
		{20EEED02-8512-4506-B343-87FFB59BEDF2}.Debug|Any CPU.ActiveCfg = Debug|Any CPU
		{20EEED02-8512-4506-B343-87FFB59BEDF2}.Debug|Any CPU.Build.0 = Debug|Any CPU
		{20EEED02-8512-4506-B343-87FFB59BEDF2}.Release|Any CPU.ActiveCfg = Release|Any CPU
		{20EEED02-8512-4506-B343-87FFB59BEDF2}.Release|Any CPU.Build.0 = Release|Any CPU
	EndGlobalSection
EndGlobal
